
Microsoft Visual Studio Solution File, Format Version 12.00
# Visual Studio Version 16
VisualStudioVersion = 16.0.30114.105
MinimumVisualStudioVersion = 10.0.40219.1
Project("{FAE04EC0-301F-11D3-BF4B-00C04F79EFBC}") = "Domain", "1.Domain\Domain.csproj", "{284B8669-C413-4CC2-9964-731B2C1FAA38}"
EndProject
Project("{FAE04EC0-301F-11D3-BF4B-00C04F79EFBC}") = "Core", "2.Core\Core.csproj", "{C9070885-F7A4-422B-9718-380A749DC195}"
EndProject
Project("{FAE04EC0-301F-11D3-BF4B-00C04F79EFBC}") = "Infra", "3.Infra\Infra.csproj", "{5DCADD4A-B213-41B7-88C5-8BBD964681E9}"
EndProject
Project("{FAE04EC0-301F-11D3-BF4B-00C04F79EFBC}") = "API", "4.API\API.csproj", "{749BE0DB-60EF-4107-8BAE-E7B76D8F6840}"
EndProject
Global
	GlobalSection(SolutionConfigurationPlatforms) = preSolution
		Debug|Any CPU = Debug|Any CPU
		Release|Any CPU = Release|Any CPU
	EndGlobalSection
	GlobalSection(SolutionProperties) = preSolution
		HideSolutionNode = FALSE
	EndGlobalSection
	GlobalSection(ProjectConfigurationPlatforms) = postSolution
		{284B8669-C413-4CC2-9964-731B2C1FAA38}.Debug|Any CPU.ActiveCfg = Debug|Any CPU
		{284B8669-C413-4CC2-9964-731B2C1FAA38}.Debug|Any CPU.Build.0 = Debug|Any CPU
		{284B8669-C413-4CC2-9964-731B2C1FAA38}.Release|Any CPU.ActiveCfg = Release|Any CPU
		{284B8669-C413-4CC2-9964-731B2C1FAA38}.Release|Any CPU.Build.0 = Release|Any CPU
		{C9070885-F7A4-422B-9718-380A749DC195}.Debug|Any CPU.ActiveCfg = Debug|Any CPU
		{C9070885-F7A4-422B-9718-380A749DC195}.Debug|Any CPU.Build.0 = Debug|Any CPU
		{C9070885-F7A4-422B-9718-380A749DC195}.Release|Any CPU.ActiveCfg = Release|Any CPU
		{C9070885-F7A4-422B-9718-380A749DC195}.Release|Any CPU.Build.0 = Release|Any CPU
		{5DCADD4A-B213-41B7-88C5-8BBD964681E9}.Debug|Any CPU.ActiveCfg = Debug|Any CPU
		{5DCADD4A-B213-41B7-88C5-8BBD964681E9}.Debug|Any CPU.Build.0 = Debug|Any CPU
		{5DCADD4A-B213-41B7-88C5-8BBD964681E9}.Release|Any CPU.ActiveCfg = Release|Any CPU
		{5DCADD4A-B213-41B7-88C5-8BBD964681E9}.Release|Any CPU.Build.0 = Release|Any CPU
		{749BE0DB-60EF-4107-8BAE-E7B76D8F6840}.Debug|Any CPU.ActiveCfg = Debug|Any CPU
		{749BE0DB-60EF-4107-8BAE-E7B76D8F6840}.Debug|Any CPU.Build.0 = Debug|Any CPU
		{749BE0DB-60EF-4107-8BAE-E7B76D8F6840}.Release|Any CPU.ActiveCfg = Release|Any CPU
		{749BE0DB-60EF-4107-8BAE-E7B76D8F6840}.Release|Any CPU.Build.0 = Release|Any CPU
	EndGlobalSection
EndGlobal
